
Microsoft Visual Studio Solution File, Format Version 12.00
# Visual Studio Version 17
VisualStudioVersion = 17.5.002.0
MinimumVisualStudioVersion = 10.0.40219.1
Project("{2150E333-8FDC-42A3-9474-1A3956D46DE8}") = "csharp-prep", "csharp-prep", "{0EDE284C-E7DE-421C-9A0A-725910FDFAE6}"
EndProject
Project("{9A19103F-16F7-4668-BE54-9A1E7A4F7556}") = "Prep1", "csharp-prep\Prep1\Prep1.csproj", "{069EEC31-5C7D-4FE2-BE63-3955A8A7012D}"
EndProject
Project("{9A19103F-16F7-4668-BE54-9A1E7A4F7556}") = "Prep2", "csharp-prep\Prep2\Prep2.csproj", "{09145F29-41A0-4C87-9941-3F676B56C60E}"
EndProject
Project("{9A19103F-16F7-4668-BE54-9A1E7A4F7556}") = "Prep3", "csharp-prep\Prep3\Prep3.csproj", "{EACD45C4-B953-464C-8CDF-79CD4F8998A6}"
EndProject
Project("{9A19103F-16F7-4668-BE54-9A1E7A4F7556}") = "Prep4", "csharp-prep\Prep4\Prep4.csproj", "{DDAF3FC0-023F-4088-965C-96655C4A0D51}"
EndProject
Project("{9A19103F-16F7-4668-BE54-9A1E7A4F7556}") = "Prep5", "csharp-prep\Prep5\Prep5.csproj", "{DEF1AA8C-3A65-49AF-A57B-5A0905B5CC62}"
EndProject
Project("{2150E333-8FDC-42A3-9474-1A3956D46DE8}") = "final", "final", "{17B49BDF-4924-44FF-AE71-C52A7C402C01}"
EndProject
Project("{9A19103F-16F7-4668-BE54-9A1E7A4F7556}") = "FinalProject", "final\FinalProject\FinalProject.csproj", "{9C066BAD-82CF-46F6-BC68-B6C90449EFBF}"
EndProject
Project("{9A19103F-16F7-4668-BE54-9A1E7A4F7556}") = "Foundation1", "final\Foundation1\Foundation1.csproj", "{3663F461-CD7F-4C4B-A01B-04BB935548FD}"
EndProject
Project("{9A19103F-16F7-4668-BE54-9A1E7A4F7556}") = "Foundation2", "final\Foundation2\Foundation2.csproj", "{121113C3-7C72-423F-9498-8E2BDCAAC93A}"
EndProject
Project("{9A19103F-16F7-4668-BE54-9A1E7A4F7556}") = "Foundation3", "final\Foundation3\Foundation3.csproj", "{BEED6368-1E4D-4644-BC4E-11BD58CC54D5}"
EndProject
Project("{9A19103F-16F7-4668-BE54-9A1E7A4F7556}") = "Foundation4", "final\Foundation4\Foundation4.csproj", "{5D2B672B-4EEC-47F9-99D7-B792A80400EB}"
EndProject
Project("{2150E333-8FDC-42A3-9474-1A3956D46DE8}") = "prepare", "prepare", "{FB6421A5-CEEE-46F8-A2FF-6A32256540AA}"
EndProject
Project("{9A19103F-16F7-4668-BE54-9A1E7A4F7556}") = "Learning02", "prepare\Learning02\Learning02.csproj", "{05D2F91D-6003-4102-83D3-A8CF1885B58E}"
EndProject
Project("{9A19103F-16F7-4668-BE54-9A1E7A4F7556}") = "Learning03", "prepare\Learning03\Learning03.csproj", "{FC23F855-D3AF-4AF1-9B82-CFCA33440208}"
EndProject
Project("{9A19103F-16F7-4668-BE54-9A1E7A4F7556}") = "Learning04", "prepare\Learning04\Learning04.csproj", "{90F7259B-1C13-42B8-AB0D-84E0ADF151CF}"
EndProject
Project("{9A19103F-16F7-4668-BE54-9A1E7A4F7556}") = "Learning05", "prepare\Learning05\Learning05.csproj", "{ED63ECD4-B5EB-4CDA-858C-ACB0E6F255D7}"
EndProject
Project("{2150E333-8FDC-42A3-9474-1A3956D46DE8}") = "prove", "prove", "{71841A93-6AFE-47FB-9209-657503AA68B8}"
EndProject
Project("{9A19103F-16F7-4668-BE54-9A1E7A4F7556}") = "Develop02", "prove\Develop02\Develop02.csproj", "{811699A9-8026-4CED-8531-250509964068}"
EndProject
Project("{9A19103F-16F7-4668-BE54-9A1E7A4F7556}") = "Develop03", "prove\Develop03\Develop03.csproj", "{A86B2AEB-6B52-429E-8454-6A06F7318DFA}"
EndProject
Project("{9A19103F-16F7-4668-BE54-9A1E7A4F7556}") = "Develop04", "prove\Develop04\Develop04.csproj", "{B42403DF-66AC-4424-A2AC-47E25F111E32}"
EndProject
Project("{9A19103F-16F7-4668-BE54-9A1E7A4F7556}") = "Develop05", "prove\Develop05\Develop05.csproj", "{702A43EF-1DAB-4E3D-BA95-BB49D60ACDEF}"
EndProject
Project("{2150E333-8FDC-42A3-9474-1A3956D46DE8}") = "sandbox", "sandbox", "{934C97DD-4054-4A74-9D5F-15B3A8348D11}"
EndProject
Project("{9A19103F-16F7-4668-BE54-9A1E7A4F7556}") = "Sandbox", "sandbox\Sandbox\Sandbox.csproj", "{B5014639-8A6E-47AA-8FFE-709B689E6CD9}"
EndProject
Global
	GlobalSection(SolutionConfigurationPlatforms) = preSolution
		Debug|Any CPU = Debug|Any CPU
		Release|Any CPU = Release|Any CPU
	EndGlobalSection
	GlobalSection(ProjectConfigurationPlatforms) = postSolution
		{069EEC31-5C7D-4FE2-BE63-3955A8A7012D}.Debug|Any CPU.ActiveCfg = Debug|Any CPU
		{069EEC31-5C7D-4FE2-BE63-3955A8A7012D}.Debug|Any CPU.Build.0 = Debug|Any CPU
		{069EEC31-5C7D-4FE2-BE63-3955A8A7012D}.Release|Any CPU.ActiveCfg = Release|Any CPU
		{069EEC31-5C7D-4FE2-BE63-3955A8A7012D}.Release|Any CPU.Build.0 = Release|Any CPU
		{09145F29-41A0-4C87-9941-3F676B56C60E}.Debug|Any CPU.ActiveCfg = Debug|Any CPU
		{09145F29-41A0-4C87-9941-3F676B56C60E}.Debug|Any CPU.Build.0 = Debug|Any CPU
		{09145F29-41A0-4C87-9941-3F676B56C60E}.Release|Any CPU.ActiveCfg = Release|Any CPU
		{09145F29-41A0-4C87-9941-3F676B56C60E}.Release|Any CPU.Build.0 = Release|Any CPU
		{EACD45C4-B953-464C-8CDF-79CD4F8998A6}.Debug|Any CPU.ActiveCfg = Debug|Any CPU
		{EACD45C4-B953-464C-8CDF-79CD4F8998A6}.Debug|Any CPU.Build.0 = Debug|Any CPU
		{EACD45C4-B953-464C-8CDF-79CD4F8998A6}.Release|Any CPU.ActiveCfg = Release|Any CPU
		{EACD45C4-B953-464C-8CDF-79CD4F8998A6}.Release|Any CPU.Build.0 = Release|Any CPU
		{DDAF3FC0-023F-4088-965C-96655C4A0D51}.Debug|Any CPU.ActiveCfg = Debug|Any CPU
		{DDAF3FC0-023F-4088-965C-96655C4A0D51}.Debug|Any CPU.Build.0 = Debug|Any CPU
		{DDAF3FC0-023F-4088-965C-96655C4A0D51}.Release|Any CPU.ActiveCfg = Release|Any CPU
		{DDAF3FC0-023F-4088-965C-96655C4A0D51}.Release|Any CPU.Build.0 = Release|Any CPU
		{DEF1AA8C-3A65-49AF-A57B-5A0905B5CC62}.Debug|Any CPU.ActiveCfg = Debug|Any CPU
		{DEF1AA8C-3A65-49AF-A57B-5A0905B5CC62}.Debug|Any CPU.Build.0 = Debug|Any CPU
		{DEF1AA8C-3A65-49AF-A57B-5A0905B5CC62}.Release|Any CPU.ActiveCfg = Release|Any CPU
		{DEF1AA8C-3A65-49AF-A57B-5A0905B5CC62}.Release|Any CPU.Build.0 = Release|Any CPU
		{9C066BAD-82CF-46F6-BC68-B6C90449EFBF}.Debug|Any CPU.ActiveCfg = Debug|Any CPU
		{9C066BAD-82CF-46F6-BC68-B6C90449EFBF}.Debug|Any CPU.Build.0 = Debug|Any CPU
		{9C066BAD-82CF-46F6-BC68-B6C90449EFBF}.Release|Any CPU.ActiveCfg = Release|Any CPU
		{9C066BAD-82CF-46F6-BC68-B6C90449EFBF}.Release|Any CPU.Build.0 = Release|Any CPU
		{3663F461-CD7F-4C4B-A01B-04BB935548FD}.Debug|Any CPU.ActiveCfg = Debug|Any CPU
		{3663F461-CD7F-4C4B-A01B-04BB935548FD}.Debug|Any CPU.Build.0 = Debug|Any CPU
		{3663F461-CD7F-4C4B-A01B-04BB935548FD}.Release|Any CPU.ActiveCfg = Release|Any CPU
		{3663F461-CD7F-4C4B-A01B-04BB935548FD}.Release|Any CPU.Build.0 = Release|Any CPU
		{121113C3-7C72-423F-9498-8E2BDCAAC93A}.Debug|Any CPU.ActiveCfg = Debug|Any CPU
		{121113C3-7C72-423F-9498-8E2BDCAAC93A}.Debug|Any CPU.Build.0 = Debug|Any CPU
		{121113C3-7C72-423F-9498-8E2BDCAAC93A}.Release|Any CPU.ActiveCfg = Release|Any CPU
		{121113C3-7C72-423F-9498-8E2BDCAAC93A}.Release|Any CPU.Build.0 = Release|Any CPU
		{BEED6368-1E4D-4644-BC4E-11BD58CC54D5}.Debug|Any CPU.ActiveCfg = Debug|Any CPU
		{BEED6368-1E4D-4644-BC4E-11BD58CC54D5}.Debug|Any CPU.Build.0 = Debug|Any CPU
		{BEED6368-1E4D-4644-BC4E-11BD58CC54D5}.Release|Any CPU.ActiveCfg = Release|Any CPU
		{BEED6368-1E4D-4644-BC4E-11BD58CC54D5}.Release|Any CPU.Build.0 = Release|Any CPU
		{5D2B672B-4EEC-47F9-99D7-B792A80400EB}.Debug|Any CPU.ActiveCfg = Debug|Any CPU
		{5D2B672B-4EEC-47F9-99D7-B792A80400EB}.Debug|Any CPU.Build.0 = Debug|Any CPU
		{5D2B672B-4EEC-47F9-99D7-B792A80400EB}.Release|Any CPU.ActiveCfg = Release|Any CPU
		{5D2B672B-4EEC-47F9-99D7-B792A80400EB}.Release|Any CPU.Build.0 = Release|Any CPU
		{05D2F91D-6003-4102-83D3-A8CF1885B58E}.Debug|Any CPU.ActiveCfg = Debug|Any CPU
		{05D2F91D-6003-4102-83D3-A8CF1885B58E}.Debug|Any CPU.Build.0 = Debug|Any CPU
		{05D2F91D-6003-4102-83D3-A8CF1885B58E}.Release|Any CPU.ActiveCfg = Release|Any CPU
		{05D2F91D-6003-4102-83D3-A8CF1885B58E}.Release|Any CPU.Build.0 = Release|Any CPU
		{FC23F855-D3AF-4AF1-9B82-CFCA33440208}.Debug|Any CPU.ActiveCfg = Debug|Any CPU
		{FC23F855-D3AF-4AF1-9B82-CFCA33440208}.Debug|Any CPU.Build.0 = Debug|Any CPU
		{FC23F855-D3AF-4AF1-9B82-CFCA33440208}.Release|Any CPU.ActiveCfg = Release|Any CPU
		{FC23F855-D3AF-4AF1-9B82-CFCA33440208}.Release|Any CPU.Build.0 = Release|Any CPU
		{90F7259B-1C13-42B8-AB0D-84E0ADF151CF}.Debug|Any CPU.ActiveCfg = Debug|Any CPU
		{90F7259B-1C13-42B8-AB0D-84E0ADF151CF}.Debug|Any CPU.Build.0 = Debug|Any CPU
		{90F7259B-1C13-42B8-AB0D-84E0ADF151CF}.Release|Any CPU.ActiveCfg = Release|Any CPU
		{90F7259B-1C13-42B8-AB0D-84E0ADF151CF}.Release|Any CPU.Build.0 = Release|Any CPU
		{ED63ECD4-B5EB-4CDA-858C-ACB0E6F255D7}.Debug|Any CPU.ActiveCfg = Debug|Any CPU
		{ED63ECD4-B5EB-4CDA-858C-ACB0E6F255D7}.Debug|Any CPU.Build.0 = Debug|Any CPU
		{ED63ECD4-B5EB-4CDA-858C-ACB0E6F255D7}.Release|Any CPU.ActiveCfg = Release|Any CPU
		{ED63ECD4-B5EB-4CDA-858C-ACB0E6F255D7}.Release|Any CPU.Build.0 = Release|Any CPU
		{811699A9-8026-4CED-8531-250509964068}.Debug|Any CPU.ActiveCfg = Debug|Any CPU
		{811699A9-8026-4CED-8531-250509964068}.Debug|Any CPU.Build.0 = Debug|Any CPU
		{811699A9-8026-4CED-8531-250509964068}.Release|Any CPU.ActiveCfg = Release|Any CPU
		{811699A9-8026-4CED-8531-250509964068}.Release|Any CPU.Build.0 = Release|Any CPU
		{A86B2AEB-6B52-429E-8454-6A06F7318DFA}.Debug|Any CPU.ActiveCfg = Debug|Any CPU
		{A86B2AEB-6B52-429E-8454-6A06F7318DFA}.Debug|Any CPU.Build.0 = Debug|Any CPU
		{A86B2AEB-6B52-429E-8454-6A06F7318DFA}.Release|Any CPU.ActiveCfg = Release|Any CPU
		{A86B2AEB-6B52-429E-8454-6A06F7318DFA}.Release|Any CPU.Build.0 = Release|Any CPU
		{B42403DF-66AC-4424-A2AC-47E25F111E32}.Debug|Any CPU.ActiveCfg = Debug|Any CPU
		{B42403DF-66AC-4424-A2AC-47E25F111E32}.Debug|Any CPU.Build.0 = Debug|Any CPU
		{B42403DF-66AC-4424-A2AC-47E25F111E32}.Release|Any CPU.ActiveCfg = Release|Any CPU
		{B42403DF-66AC-4424-A2AC-47E25F111E32}.Release|Any CPU.Build.0 = Release|Any CPU
		{702A43EF-1DAB-4E3D-BA95-BB49D60ACDEF}.Debug|Any CPU.ActiveCfg = Debug|Any CPU
		{702A43EF-1DAB-4E3D-BA95-BB49D60ACDEF}.Debug|Any CPU.Build.0 = Debug|Any CPU
		{702A43EF-1DAB-4E3D-BA95-BB49D60ACDEF}.Release|Any CPU.ActiveCfg = Release|Any CPU
		{702A43EF-1DAB-4E3D-BA95-BB49D60ACDEF}.Release|Any CPU.Build.0 = Release|Any CPU
		{B5014639-8A6E-47AA-8FFE-709B689E6CD9}.Debug|Any CPU.ActiveCfg = Debug|Any CPU
		{B5014639-8A6E-47AA-8FFE-709B689E6CD9}.Debug|Any CPU.Build.0 = Debug|Any CPU
		{B5014639-8A6E-47AA-8FFE-709B689E6CD9}.Release|Any CPU.ActiveCfg = Release|Any CPU
		{B5014639-8A6E-47AA-8FFE-709B689E6CD9}.Release|Any CPU.Build.0 = Release|Any CPU
	EndGlobalSection
	GlobalSection(SolutionProperties) = preSolution
		HideSolutionNode = FALSE
	EndGlobalSection
	GlobalSection(NestedProjects) = preSolution
		{069EEC31-5C7D-4FE2-BE63-3955A8A7012D} = {0EDE284C-E7DE-421C-9A0A-725910FDFAE6}
		{09145F29-41A0-4C87-9941-3F676B56C60E} = {0EDE284C-E7DE-421C-9A0A-725910FDFAE6}
		{EACD45C4-B953-464C-8CDF-79CD4F8998A6} = {0EDE284C-E7DE-421C-9A0A-725910FDFAE6}
		{DDAF3FC0-023F-4088-965C-96655C4A0D51} = {0EDE284C-E7DE-421C-9A0A-725910FDFAE6}
		{DEF1AA8C-3A65-49AF-A57B-5A0905B5CC62} = {0EDE284C-E7DE-421C-9A0A-725910FDFAE6}
		{9C066BAD-82CF-46F6-BC68-B6C90449EFBF} = {17B49BDF-4924-44FF-AE71-C52A7C402C01}
		{3663F461-CD7F-4C4B-A01B-04BB935548FD} = {17B49BDF-4924-44FF-AE71-C52A7C402C01}
		{121113C3-7C72-423F-9498-8E2BDCAAC93A} = {17B49BDF-4924-44FF-AE71-C52A7C402C01}
		{BEED6368-1E4D-4644-BC4E-11BD58CC54D5} = {17B49BDF-4924-44FF-AE71-C52A7C402C01}
		{5D2B672B-4EEC-47F9-99D7-B792A80400EB} = {17B49BDF-4924-44FF-AE71-C52A7C402C01}
		{05D2F91D-6003-4102-83D3-A8CF1885B58E} = {FB6421A5-CEEE-46F8-A2FF-6A32256540AA}
		{FC23F855-D3AF-4AF1-9B82-CFCA33440208} = {FB6421A5-CEEE-46F8-A2FF-6A32256540AA}
		{90F7259B-1C13-42B8-AB0D-84E0ADF151CF} = {FB6421A5-CEEE-46F8-A2FF-6A32256540AA}
		{ED63ECD4-B5EB-4CDA-858C-ACB0E6F255D7} = {FB6421A5-CEEE-46F8-A2FF-6A32256540AA}
		{811699A9-8026-4CED-8531-250509964068} = {71841A93-6AFE-47FB-9209-657503AA68B8}
		{A86B2AEB-6B52-429E-8454-6A06F7318DFA} = {71841A93-6AFE-47FB-9209-657503AA68B8}
		{B42403DF-66AC-4424-A2AC-47E25F111E32} = {71841A93-6AFE-47FB-9209-657503AA68B8}
		{702A43EF-1DAB-4E3D-BA95-BB49D60ACDEF} = {71841A93-6AFE-47FB-9209-657503AA68B8}
		{B5014639-8A6E-47AA-8FFE-709B689E6CD9} = {934C97DD-4054-4A74-9D5F-15B3A8348D11}
	EndGlobalSection
	GlobalSection(ExtensibilityGlobals) = postSolution
		SolutionGuid = {4321FA6A-0D69-4A1D-A246-B8920B6676EB}
	EndGlobalSection
EndGlobal
